// !$*UTF8*$!
{
	archiveVersion = 1;
	classes = {
	};
	objectVersion = 55;
	objects = {

/* Begin PBXBuildFile section */
		D4C6E18C277123F400D338C3 /* coffeecalcApp.swift in Sources */ = {isa = PBXBuildFile; fileRef = D4C6E18B277123F400D338C3 /* coffeecalcApp.swift */; };
		D4C6E18E277123F400D338C3 /* ContentView.swift in Sources */ = {isa = PBXBuildFile; fileRef = D4C6E18D277123F400D338C3 /* ContentView.swift */; };
		D4C6E190277123F700D338C3 /* Assets.xcassets in Resources */ = {isa = PBXBuildFile; fileRef = D4C6E18F277123F700D338C3 /* Assets.xcassets */; };
		D4C6E193277123F700D338C3 /* Preview Assets.xcassets in Resources */ = {isa = PBXBuildFile; fileRef = D4C6E192277123F700D338C3 /* Preview Assets.xcassets */; };
		D4C6E195277123F700D338C3 /* Persistence.swift in Sources */ = {isa = PBXBuildFile; fileRef = D4C6E194277123F700D338C3 /* Persistence.swift */; };
		D4C6E198277123F700D338C3 /* coffeecalc.xcdatamodeld in Sources */ = {isa = PBXBuildFile; fileRef = D4C6E196277123F700D338C3 /* coffeecalc.xcdatamodeld */; };
		D4C6E1A2277123F700D338C3 /* coffeecalcTests.swift in Sources */ = {isa = PBXBuildFile; fileRef = D4C6E1A1277123F700D338C3 /* coffeecalcTests.swift */; };
		D4C6E1AC277123F700D338C3 /* coffeecalcUITests.swift in Sources */ = {isa = PBXBuildFile; fileRef = D4C6E1AB277123F700D338C3 /* coffeecalcUITests.swift */; };
		D4C6E1AE277123F700D338C3 /* coffeecalcUITestsLaunchTests.swift in Sources */ = {isa = PBXBuildFile; fileRef = D4C6E1AD277123F700D338C3 /* coffeecalcUITestsLaunchTests.swift */; };
/* End PBXBuildFile section */

/* Begin PBXContainerItemProxy section */
		D4C6E19E277123F700D338C3 /* PBXContainerItemProxy */ = {
			isa = PBXContainerItemProxy;
			containerPortal = D4C6E180277123F400D338C3 /* Project object */;
			proxyType = 1;
			remoteGlobalIDString = D4C6E187277123F400D338C3;
			remoteInfo = coffeecalc;
		};
		D4C6E1A8277123F700D338C3 /* PBXContainerItemProxy */ = {
			isa = PBXContainerItemProxy;
			containerPortal = D4C6E180277123F400D338C3 /* Project object */;
			proxyType = 1;
			remoteGlobalIDString = D4C6E187277123F400D338C3;
			remoteInfo = coffeecalc;
		};
/* End PBXContainerItemProxy section */

/* Begin PBXFileReference section */
		D4C6E188277123F400D338C3 /* coffeecalc.app */ = {isa = PBXFileReference; explicitFileType = wrapper.application; includeInIndex = 0; path = coffeecalc.app; sourceTree = BUILT_PRODUCTS_DIR; };
		D4C6E18B277123F400D338C3 /* coffeecalcApp.swift */ = {isa = PBXFileReference; lastKnownFileType = sourcecode.swift; path = coffeecalcApp.swift; sourceTree = "<group>"; };
		D4C6E18D277123F400D338C3 /* ContentView.swift */ = {isa = PBXFileReference; lastKnownFileType = sourcecode.swift; path = ContentView.swift; sourceTree = "<group>"; };
		D4C6E18F277123F700D338C3 /* Assets.xcassets */ = {isa = PBXFileReference; lastKnownFileType = folder.assetcatalog; path = Assets.xcassets; sourceTree = "<group>"; };
		D4C6E192277123F700D338C3 /* Preview Assets.xcassets */ = {isa = PBXFileReference; lastKnownFileType = folder.assetcatalog; path = "Preview Assets.xcassets"; sourceTree = "<group>"; };
		D4C6E194277123F700D338C3 /* Persistence.swift */ = {isa = PBXFileReference; lastKnownFileType = sourcecode.swift; path = Persistence.swift; sourceTree = "<group>"; };
		D4C6E197277123F700D338C3 /* coffeecalc.xcdatamodel */ = {isa = PBXFileReference; lastKnownFileType = wrapper.xcdatamodel; path = coffeecalc.xcdatamodel; sourceTree = "<group>"; };
		D4C6E19D277123F700D338C3 /* coffeecalcTests.xctest */ = {isa = PBXFileReference; explicitFileType = wrapper.cfbundle; includeInIndex = 0; path = coffeecalcTests.xctest; sourceTree = BUILT_PRODUCTS_DIR; };
		D4C6E1A1277123F700D338C3 /* coffeecalcTests.swift */ = {isa = PBXFileReference; lastKnownFileType = sourcecode.swift; path = coffeecalcTests.swift; sourceTree = "<group>"; };
		D4C6E1A7277123F700D338C3 /* coffeecalcUITests.xctest */ = {isa = PBXFileReference; explicitFileType = wrapper.cfbundle; includeInIndex = 0; path = coffeecalcUITests.xctest; sourceTree = BUILT_PRODUCTS_DIR; };
		D4C6E1AB277123F700D338C3 /* coffeecalcUITests.swift */ = {isa = PBXFileReference; lastKnownFileType = sourcecode.swift; path = coffeecalcUITests.swift; sourceTree = "<group>"; };
		D4C6E1AD277123F700D338C3 /* coffeecalcUITestsLaunchTests.swift */ = {isa = PBXFileReference; lastKnownFileType = sourcecode.swift; path = coffeecalcUITestsLaunchTests.swift; sourceTree = "<group>"; };
/* End PBXFileReference section */

/* Begin PBXFrameworksBuildPhase section */
		D4C6E185277123F400D338C3 /* Frameworks */ = {
			isa = PBXFrameworksBuildPhase;
			buildActionMask = 2147483647;
			files = (
			);
			runOnlyForDeploymentPostprocessing = 0;
		};
		D4C6E19A277123F700D338C3 /* Frameworks */ = {
			isa = PBXFrameworksBuildPhase;
			buildActionMask = 2147483647;
			files = (
			);
			runOnlyForDeploymentPostprocessing = 0;
		};
		D4C6E1A4277123F700D338C3 /* Frameworks */ = {
			isa = PBXFrameworksBuildPhase;
			buildActionMask = 2147483647;
			files = (
			);
			runOnlyForDeploymentPostprocessing = 0;
		};
/* End PBXFrameworksBuildPhase section */

/* Begin PBXGroup section */
		D4C6E17F277123F400D338C3 = {
			isa = PBXGroup;
			children = (
				D4C6E18A277123F400D338C3 /* coffeecalc */,
				D4C6E1A0277123F700D338C3 /* coffeecalcTests */,
				D4C6E1AA277123F700D338C3 /* coffeecalcUITests */,
				D4C6E189277123F400D338C3 /* Products */,
			);
			sourceTree = "<group>";
		};
		D4C6E189277123F400D338C3 /* Products */ = {
			isa = PBXGroup;
			children = (
				D4C6E188277123F400D338C3 /* coffeecalc.app */,
				D4C6E19D277123F700D338C3 /* coffeecalcTests.xctest */,
				D4C6E1A7277123F700D338C3 /* coffeecalcUITests.xctest */,
			);
			name = Products;
			sourceTree = "<group>";
		};
		D4C6E18A277123F400D338C3 /* coffeecalc */ = {
			isa = PBXGroup;
			children = (
				D4C6E18B277123F400D338C3 /* coffeecalcApp.swift */,
				D4C6E18D277123F400D338C3 /* ContentView.swift */,
				D4C6E18F277123F700D338C3 /* Assets.xcassets */,
				D4C6E194277123F700D338C3 /* Persistence.swift */,
				D4C6E196277123F700D338C3 /* coffeecalc.xcdatamodeld */,
				D4C6E191277123F700D338C3 /* Preview Content */,
			);
			path = coffeecalc;
			sourceTree = "<group>";
		};
		D4C6E191277123F700D338C3 /* Preview Content */ = {
			isa = PBXGroup;
			children = (
				D4C6E192277123F700D338C3 /* Preview Assets.xcassets */,
			);
			path = "Preview Content";
			sourceTree = "<group>";
		};
		D4C6E1A0277123F700D338C3 /* coffeecalcTests */ = {
			isa = PBXGroup;
			children = (
				D4C6E1A1277123F700D338C3 /* coffeecalcTests.swift */,
			);
			path = coffeecalcTests;
			sourceTree = "<group>";
		};
		D4C6E1AA277123F700D338C3 /* coffeecalcUITests */ = {
			isa = PBXGroup;
			children = (
				D4C6E1AB277123F700D338C3 /* coffeecalcUITests.swift */,
				D4C6E1AD277123F700D338C3 /* coffeecalcUITestsLaunchTests.swift */,
			);
			path = coffeecalcUITests;
			sourceTree = "<group>";
		};
/* End PBXGroup section */

/* Begin PBXNativeTarget section */
		D4C6E187277123F400D338C3 /* coffeecalc */ = {
			isa = PBXNativeTarget;
			buildConfigurationList = D4C6E1B1277123F700D338C3 /* Build configuration list for PBXNativeTarget "coffeecalc" */;
			buildPhases = (
				D4C6E184277123F400D338C3 /* Sources */,
				D4C6E185277123F400D338C3 /* Frameworks */,
				D4C6E186277123F400D338C3 /* Resources */,
			);
			buildRules = (
			);
			dependencies = (
			);
			name = coffeecalc;
			productName = coffeecalc;
			productReference = D4C6E188277123F400D338C3 /* coffeecalc.app */;
			productType = "com.apple.product-type.application";
		};
		D4C6E19C277123F700D338C3 /* coffeecalcTests */ = {
			isa = PBXNativeTarget;
			buildConfigurationList = D4C6E1B4277123F700D338C3 /* Build configuration list for PBXNativeTarget "coffeecalcTests" */;
			buildPhases = (
				D4C6E199277123F700D338C3 /* Sources */,
				D4C6E19A277123F700D338C3 /* Frameworks */,
				D4C6E19B277123F700D338C3 /* Resources */,
			);
			buildRules = (
			);
			dependencies = (
				D4C6E19F277123F700D338C3 /* PBXTargetDependency */,
			);
			name = coffeecalcTests;
			productName = coffeecalcTests;
			productReference = D4C6E19D277123F700D338C3 /* coffeecalcTests.xctest */;
			productType = "com.apple.product-type.bundle.unit-test";
		};
		D4C6E1A6277123F700D338C3 /* coffeecalcUITests */ = {
			isa = PBXNativeTarget;
			buildConfigurationList = D4C6E1B7277123F700D338C3 /* Build configuration list for PBXNativeTarget "coffeecalcUITests" */;
			buildPhases = (
				D4C6E1A3277123F700D338C3 /* Sources */,
				D4C6E1A4277123F700D338C3 /* Frameworks */,
				D4C6E1A5277123F700D338C3 /* Resources */,
			);
			buildRules = (
			);
			dependencies = (
				D4C6E1A9277123F700D338C3 /* PBXTargetDependency */,
			);
			name = coffeecalcUITests;
			productName = coffeecalcUITests;
			productReference = D4C6E1A7277123F700D338C3 /* coffeecalcUITests.xctest */;
			productType = "com.apple.product-type.bundle.ui-testing";
		};
/* End PBXNativeTarget section */

/* Begin PBXProject section */
		D4C6E180277123F400D338C3 /* Project object */ = {
			isa = PBXProject;
			attributes = {
				BuildIndependentTargetsInParallel = 1;
				LastSwiftUpdateCheck = 1310;
				LastUpgradeCheck = 1310;
				TargetAttributes = {
					D4C6E187277123F400D338C3 = {
						CreatedOnToolsVersion = 13.1;
					};
					D4C6E19C277123F700D338C3 = {
						CreatedOnToolsVersion = 13.1;
						TestTargetID = D4C6E187277123F400D338C3;
					};
					D4C6E1A6277123F700D338C3 = {
						CreatedOnToolsVersion = 13.1;
						TestTargetID = D4C6E187277123F400D338C3;
					};
				};
			};
			buildConfigurationList = D4C6E183277123F400D338C3 /* Build configuration list for PBXProject "coffeecalc" */;
			compatibilityVersion = "Xcode 13.0";
			developmentRegion = en;
			hasScannedForEncodings = 0;
			knownRegions = (
				en,
				Base,
			);
			mainGroup = D4C6E17F277123F400D338C3;
			productRefGroup = D4C6E189277123F400D338C3 /* Products */;
			projectDirPath = "";
			projectRoot = "";
			targets = (
				D4C6E187277123F400D338C3 /* coffeecalc */,
				D4C6E19C277123F700D338C3 /* coffeecalcTests */,
				D4C6E1A6277123F700D338C3 /* coffeecalcUITests */,
			);
		};
/* End PBXProject section */

/* Begin PBXResourcesBuildPhase section */
		D4C6E186277123F400D338C3 /* Resources */ = {
			isa = PBXResourcesBuildPhase;
			buildActionMask = 2147483647;
			files = (
				D4C6E193277123F700D338C3 /* Preview Assets.xcassets in Resources */,
				D4C6E190277123F700D338C3 /* Assets.xcassets in Resources */,
			);
			runOnlyForDeploymentPostprocessing = 0;
		};
		D4C6E19B277123F700D338C3 /* Resources */ = {
			isa = PBXResourcesBuildPhase;
			buildActionMask = 2147483647;
			files = (
			);
			runOnlyForDeploymentPostprocessing = 0;
		};
		D4C6E1A5277123F700D338C3 /* Resources */ = {
			isa = PBXResourcesBuildPhase;
			buildActionMask = 2147483647;
			files = (
			);
			runOnlyForDeploymentPostprocessing = 0;
		};
/* End PBXResourcesBuildPhase section */

/* Begin PBXSourcesBuildPhase section */
		D4C6E184277123F400D338C3 /* Sources */ = {
			isa = PBXSourcesBuildPhase;
			buildActionMask = 2147483647;
			files = (
				D4C6E195277123F700D338C3 /* Persistence.swift in Sources */,
				D4C6E18E277123F400D338C3 /* ContentView.swift in Sources */,
				D4C6E198277123F700D338C3 /* coffeecalc.xcdatamodeld in Sources */,
				D4C6E18C277123F400D338C3 /* coffeecalcApp.swift in Sources */,
			);
			runOnlyForDeploymentPostprocessing = 0;
		};
		D4C6E199277123F700D338C3 /* Sources */ = {
			isa = PBXSourcesBuildPhase;
			buildActionMask = 2147483647;
			files = (
				D4C6E1A2277123F700D338C3 /* coffeecalcTests.swift in Sources */,
			);
			runOnlyForDeploymentPostprocessing = 0;
		};
		D4C6E1A3277123F700D338C3 /* Sources */ = {
			isa = PBXSourcesBuildPhase;
			buildActionMask = 2147483647;
			files = (
				D4C6E1AC277123F700D338C3 /* coffeecalcUITests.swift in Sources */,
				D4C6E1AE277123F700D338C3 /* coffeecalcUITestsLaunchTests.swift in Sources */,
			);
			runOnlyForDeploymentPostprocessing = 0;
		};
/* End PBXSourcesBuildPhase section */

/* Begin PBXTargetDependency section */
		D4C6E19F277123F700D338C3 /* PBXTargetDependency */ = {
			isa = PBXTargetDependency;
			target = D4C6E187277123F400D338C3 /* coffeecalc */;
			targetProxy = D4C6E19E277123F700D338C3 /* PBXContainerItemProxy */;
		};
		D4C6E1A9277123F700D338C3 /* PBXTargetDependency */ = {
			isa = PBXTargetDependency;
			target = D4C6E187277123F400D338C3 /* coffeecalc */;
			targetProxy = D4C6E1A8277123F700D338C3 /* PBXContainerItemProxy */;
		};
/* End PBXTargetDependency section */

/* Begin XCBuildConfiguration section */
		D4C6E1AF277123F700D338C3 /* Debug */ = {
			isa = XCBuildConfiguration;
			buildSettings = {
				ALWAYS_SEARCH_USER_PATHS = NO;
				CLANG_ANALYZER_NONNULL = YES;
				CLANG_ANALYZER_NUMBER_OBJECT_CONVERSION = YES_AGGRESSIVE;
				CLANG_CXX_LANGUAGE_STANDARD = "gnu++17";
				CLANG_CXX_LIBRARY = "libc++";
				CLANG_ENABLE_MODULES = YES;
				CLANG_ENABLE_OBJC_ARC = YES;
				CLANG_ENABLE_OBJC_WEAK = YES;
				CLANG_WARN_BLOCK_CAPTURE_AUTORELEASING = YES;
				CLANG_WARN_BOOL_CONVERSION = YES;
				CLANG_WARN_COMMA = YES;
				CLANG_WARN_CONSTANT_CONVERSION = YES;
				CLANG_WARN_DEPRECATED_OBJC_IMPLEMENTATIONS = YES;
				CLANG_WARN_DIRECT_OBJC_ISA_USAGE = YES_ERROR;
				CLANG_WARN_DOCUMENTATION_COMMENTS = YES;
				CLANG_WARN_EMPTY_BODY = YES;
				CLANG_WARN_ENUM_CONVERSION = YES;
				CLANG_WARN_INFINITE_RECURSION = YES;
				CLANG_WARN_INT_CONVERSION = YES;
				CLANG_WARN_NON_LITERAL_NULL_CONVERSION = YES;
				CLANG_WARN_OBJC_IMPLICIT_RETAIN_SELF = YES;
				CLANG_WARN_OBJC_LITERAL_CONVERSION = YES;
				CLANG_WARN_OBJC_ROOT_CLASS = YES_ERROR;
				CLANG_WARN_QUOTED_INCLUDE_IN_FRAMEWORK_HEADER = YES;
				CLANG_WARN_RANGE_LOOP_ANALYSIS = YES;
				CLANG_WARN_STRICT_PROTOTYPES = YES;
				CLANG_WARN_SUSPICIOUS_MOVE = YES;
				CLANG_WARN_UNGUARDED_AVAILABILITY = YES_AGGRESSIVE;
				CLANG_WARN_UNREACHABLE_CODE = YES;
				CLANG_WARN__DUPLICATE_METHOD_MATCH = YES;
				COPY_PHASE_STRIP = NO;
				DEBUG_INFORMATION_FORMAT = dwarf;
				ENABLE_STRICT_OBJC_MSGSEND = YES;
				ENABLE_TESTABILITY = YES;
				GCC_C_LANGUAGE_STANDARD = gnu11;
				GCC_DYNAMIC_NO_PIC = NO;
				GCC_NO_COMMON_BLOCKS = YES;
				GCC_OPTIMIZATION_LEVEL = 0;
				GCC_PREPROCESSOR_DEFINITIONS = (
					"DEBUG=1",
					"$(inherited)",
				);
				GCC_WARN_64_TO_32_BIT_CONVERSION = YES;
				GCC_WARN_ABOUT_RETURN_TYPE = YES_ERROR;
				GCC_WARN_UNDECLARED_SELECTOR = YES;
				GCC_WARN_UNINITIALIZED_AUTOS = YES_AGGRESSIVE;
				GCC_WARN_UNUSED_FUNCTION = YES;
				GCC_WARN_UNUSED_VARIABLE = YES;
				IPHONEOS_DEPLOYMENT_TARGET = 15.0;
				MTL_ENABLE_DEBUG_INFO = INCLUDE_SOURCE;
				MTL_FAST_MATH = YES;
				ONLY_ACTIVE_ARCH = YES;
				SDKROOT = iphoneos;
				SWIFT_ACTIVE_COMPILATION_CONDITIONS = DEBUG;
				SWIFT_OPTIMIZATION_LEVEL = "-Onone";
			};
			name = Debug;
		};
		D4C6E1B0277123F700D338C3 /* Release */ = {
			isa = XCBuildConfiguration;
			buildSettings = {
				ALWAYS_SEARCH_USER_PATHS = NO;
				CLANG_ANALYZER_NONNULL = YES;
				CLANG_ANALYZER_NUMBER_OBJECT_CONVERSION = YES_AGGRESSIVE;
				CLANG_CXX_LANGUAGE_STANDARD = "gnu++17";
				CLANG_CXX_LIBRARY = "libc++";
				CLANG_ENABLE_MODULES = YES;
				CLANG_ENABLE_OBJC_ARC = YES;
				CLANG_ENABLE_OBJC_WEAK = YES;
				CLANG_WARN_BLOCK_CAPTURE_AUTORELEASING = YES;
				CLANG_WARN_BOOL_CONVERSION = YES;
				CLANG_WARN_COMMA = YES;
				CLANG_WARN_CONSTANT_CONVERSION = YES;
				CLANG_WARN_DEPRECATED_OBJC_IMPLEMENTATIONS = YES;
				CLANG_WARN_DIRECT_OBJC_ISA_USAGE = YES_ERROR;
				CLANG_WARN_DOCUMENTATION_COMMENTS = YES;
				CLANG_WARN_EMPTY_BODY = YES;
				CLANG_WARN_ENUM_CONVERSION = YES;
				CLANG_WARN_INFINITE_RECURSION = YES;
				CLANG_WARN_INT_CONVERSION = YES;
				CLANG_WARN_NON_LITERAL_NULL_CONVERSION = YES;
				CLANG_WARN_OBJC_IMPLICIT_RETAIN_SELF = YES;
				CLANG_WARN_OBJC_LITERAL_CONVERSION = YES;
				CLANG_WARN_OBJC_ROOT_CLASS = YES_ERROR;
				CLANG_WARN_QUOTED_INCLUDE_IN_FRAMEWORK_HEADER = YES;
				CLANG_WARN_RANGE_LOOP_ANALYSIS = YES;
				CLANG_WARN_STRICT_PROTOTYPES = YES;
				CLANG_WARN_SUSPICIOUS_MOVE = YES;
				CLANG_WARN_UNGUARDED_AVAILABILITY = YES_AGGRESSIVE;
				CLANG_WARN_UNREACHABLE_CODE = YES;
				CLANG_WARN__DUPLICATE_METHOD_MATCH = YES;
				COPY_PHASE_STRIP = NO;
				DEBUG_INFORMATION_FORMAT = "dwarf-with-dsym";
				ENABLE_NS_ASSERTIONS = NO;
				ENABLE_STRICT_OBJC_MSGSEND = YES;
				GCC_C_LANGUAGE_STANDARD = gnu11;
				GCC_NO_COMMON_BLOCKS = YES;
				GCC_WARN_64_TO_32_BIT_CONVERSION = YES;
				GCC_WARN_ABOUT_RETURN_TYPE = YES_ERROR;
				GCC_WARN_UNDECLARED_SELECTOR = YES;
				GCC_WARN_UNINITIALIZED_AUTOS = YES_AGGRESSIVE;
				GCC_WARN_UNUSED_FUNCTION = YES;
				GCC_WARN_UNUSED_VARIABLE = YES;
				IPHONEOS_DEPLOYMENT_TARGET = 15.0;
				MTL_ENABLE_DEBUG_INFO = NO;
				MTL_FAST_MATH = YES;
				SDKROOT = iphoneos;
				SWIFT_COMPILATION_MODE = wholemodule;
				SWIFT_OPTIMIZATION_LEVEL = "-O";
				VALIDATE_PRODUCT = YES;
			};
			name = Release;
		};
		D4C6E1B2277123F700D338C3 /* Debug */ = {
			isa = XCBuildConfiguration;
			buildSettings = {
				ASSETCATALOG_COMPILER_APPICON_NAME = AppIcon;
				ASSETCATALOG_COMPILER_GLOBAL_ACCENT_COLOR_NAME = AccentColor;
				CODE_SIGN_STYLE = Automatic;
				CURRENT_PROJECT_VERSION = 1;
				DEVELOPMENT_ASSET_PATHS = "\"coffeecalc/Preview Content\"";
				ENABLE_PREVIEWS = YES;
				GENERATE_INFOPLIST_FILE = YES;
				INFOPLIST_KEY_UIApplicationSceneManifest_Generation = YES;
				INFOPLIST_KEY_UIApplicationSupportsIndirectInputEvents = YES;
				INFOPLIST_KEY_UILaunchScreen_Generation = YES;
				INFOPLIST_KEY_UISupportedInterfaceOrientations_iPad = "UIInterfaceOrientationPortrait UIInterfaceOrientationPortraitUpsideDown UIInterfaceOrientationLandscapeLeft UIInterfaceOrientationLandscapeRight";
				INFOPLIST_KEY_UISupportedInterfaceOrientations_iPhone = "UIInterfaceOrientationPortrait UIInterfaceOrientationLandscapeLeft UIInterfaceOrientationLandscapeRight";
				LD_RUNPATH_SEARCH_PATHS = (
					"$(inherited)",
					"@executable_path/Frameworks",
				);
				MARKETING_VERSION = 1.0;
				PRODUCT_BUNDLE_IDENTIFIER = com.zbridges.coffeecalc;
				PRODUCT_NAME = "$(TARGET_NAME)";
				SWIFT_EMIT_LOC_STRINGS = YES;
				SWIFT_VERSION = 5.0;
				TARGETED_DEVICE_FAMILY = "1,2";
			};
			name = Debug;
		};
		D4C6E1B3277123F700D338C3 /* Release */ = {
			isa = XCBuildConfiguration;
			buildSettings = {
				ASSETCATALOG_COMPILER_APPICON_NAME = AppIcon;
				ASSETCATALOG_COMPILER_GLOBAL_ACCENT_COLOR_NAME = AccentColor;
				CODE_SIGN_STYLE = Automatic;
				CURRENT_PROJECT_VERSION = 1;
				DEVELOPMENT_ASSET_PATHS = "\"coffeecalc/Preview Content\"";
				ENABLE_PREVIEWS = YES;
				GENERATE_INFOPLIST_FILE = YES;
				INFOPLIST_KEY_UIApplicationSceneManifest_Generation = YES;
				INFOPLIST_KEY_UIApplicationSupportsIndirectInputEvents = YES;
				INFOPLIST_KEY_UILaunchScreen_Generation = YES;
				INFOPLIST_KEY_UISupportedInterfaceOrientations_iPad = "UIInterfaceOrientationPortrait UIInterfaceOrientationPortraitUpsideDown UIInterfaceOrientationLandscapeLeft UIInterfaceOrientationLandscapeRight";
				INFOPLIST_KEY_UISupportedInterfaceOrientations_iPhone = "UIInterfaceOrientationPortrait UIInterfaceOrientationLandscapeLeft UIInterfaceOrientationLandscapeRight";
				LD_RUNPATH_SEARCH_PATHS = (
					"$(inherited)",
					"@executable_path/Frameworks",
				);
				MARKETING_VERSION = 1.0;
				PRODUCT_BUNDLE_IDENTIFIER = com.zbridges.coffeecalc;
				PRODUCT_NAME = "$(TARGET_NAME)";
				SWIFT_EMIT_LOC_STRINGS = YES;
				SWIFT_VERSION = 5.0;
				TARGETED_DEVICE_FAMILY = "1,2";
			};
			name = Release;
		};
		D4C6E1B5277123F700D338C3 /* Debug */ = {
			isa = XCBuildConfiguration;
			buildSettings = {
				ALWAYS_EMBED_SWIFT_STANDARD_LIBRARIES = YES;
				BUNDLE_LOADER = "$(TEST_HOST)";
				CODE_SIGN_STYLE = Automatic;
				CURRENT_PROJECT_VERSION = 1;
				GENERATE_INFOPLIST_FILE = YES;
				IPHONEOS_DEPLOYMENT_TARGET = 15.0;
				LD_RUNPATH_SEARCH_PATHS = (
					"$(inherited)",
					"@executable_path/Frameworks",
					"@loader_path/Frameworks",
				);
				MARKETING_VERSION = 1.0;
				PRODUCT_BUNDLE_IDENTIFIER = com.zbridges.coffeecalcTests;
				PRODUCT_NAME = "$(TARGET_NAME)";
				SWIFT_EMIT_LOC_STRINGS = NO;
				SWIFT_VERSION = 5.0;
				TARGETED_DEVICE_FAMILY = "1,2";
				TEST_HOST = "$(BUILT_PRODUCTS_DIR)/coffeecalc.app/coffeecalc";
			};
			name = Debug;
		};
		D4C6E1B6277123F700D338C3 /* Release */ = {
			isa = XCBuildConfiguration;
			buildSettings = {
				ALWAYS_EMBED_SWIFT_STANDARD_LIBRARIES = YES;
				BUNDLE_LOADER = "$(TEST_HOST)";
				CODE_SIGN_STYLE = Automatic;
				CURRENT_PROJECT_VERSION = 1;
				GENERATE_INFOPLIST_FILE = YES;
				IPHONEOS_DEPLOYMENT_TARGET = 15.0;
				LD_RUNPATH_SEARCH_PATHS = (
					"$(inherited)",
					"@executable_path/Frameworks",
					"@loader_path/Frameworks",
				);
				MARKETING_VERSION = 1.0;
				PRODUCT_BUNDLE_IDENTIFIER = com.zbridges.coffeecalcTests;
				PRODUCT_NAME = "$(TARGET_NAME)";
				SWIFT_EMIT_LOC_STRINGS = NO;
				SWIFT_VERSION = 5.0;
				TARGETED_DEVICE_FAMILY = "1,2";
				TEST_HOST = "$(BUILT_PRODUCTS_DIR)/coffeecalc.app/coffeecalc";
			};
			name = Release;
		};
		D4C6E1B8277123F700D338C3 /* Debug */ = {
			isa = XCBuildConfiguration;
			buildSettings = {
				ALWAYS_EMBED_SWIFT_STANDARD_LIBRARIES = YES;
				CODE_SIGN_STYLE = Automatic;
				CURRENT_PROJECT_VERSION = 1;
				GENERATE_INFOPLIST_FILE = YES;
				LD_RUNPATH_SEARCH_PATHS = (
					"$(inherited)",
					"@executable_path/Frameworks",
					"@loader_path/Frameworks",
				);
				MARKETING_VERSION = 1.0;
				PRODUCT_BUNDLE_IDENTIFIER = com.zbridges.coffeecalcUITests;
				PRODUCT_NAME = "$(TARGET_NAME)";
				SWIFT_EMIT_LOC_STRINGS = NO;
				SWIFT_VERSION = 5.0;
				TARGETED_DEVICE_FAMILY = "1,2";
				TEST_TARGET_NAME = coffeecalc;
			};
			name = Debug;
		};
		D4C6E1B9277123F700D338C3 /* Release */ = {
			isa = XCBuildConfiguration;
			buildSettings = {
				ALWAYS_EMBED_SWIFT_STANDARD_LIBRARIES = YES;
				CODE_SIGN_STYLE = Automatic;
				CURRENT_PROJECT_VERSION = 1;
				GENERATE_INFOPLIST_FILE = YES;
				LD_RUNPATH_SEARCH_PATHS = (
					"$(inherited)",
					"@executable_path/Frameworks",
					"@loader_path/Frameworks",
				);
				MARKETING_VERSION = 1.0;
				PRODUCT_BUNDLE_IDENTIFIER = com.zbridges.coffeecalcUITests;
				PRODUCT_NAME = "$(TARGET_NAME)";
				SWIFT_EMIT_LOC_STRINGS = NO;
				SWIFT_VERSION = 5.0;
				TARGETED_DEVICE_FAMILY = "1,2";
				TEST_TARGET_NAME = coffeecalc;
			};
			name = Release;
		};
/* End XCBuildConfiguration section */

/* Begin XCConfigurationList section */
		D4C6E183277123F400D338C3 /* Build configuration list for PBXProject "coffeecalc" */ = {
			isa = XCConfigurationList;
			buildConfigurations = (
				D4C6E1AF277123F700D338C3 /* Debug */,
				D4C6E1B0277123F700D338C3 /* Release */,
			);
			defaultConfigurationIsVisible = 0;
			defaultConfigurationName = Release;
		};
		D4C6E1B1277123F700D338C3 /* Build configuration list for PBXNativeTarget "coffeecalc" */ = {
			isa = XCConfigurationList;
			buildConfigurations = (
				D4C6E1B2277123F700D338C3 /* Debug */,
				D4C6E1B3277123F700D338C3 /* Release */,
			);
			defaultConfigurationIsVisible = 0;
			defaultConfigurationName = Release;
		};
		D4C6E1B4277123F700D338C3 /* Build configuration list for PBXNativeTarget "coffeecalcTests" */ = {
			isa = XCConfigurationList;
			buildConfigurations = (
				D4C6E1B5277123F700D338C3 /* Debug */,
				D4C6E1B6277123F700D338C3 /* Release */,
			);
			defaultConfigurationIsVisible = 0;
			defaultConfigurationName = Release;
		};
		D4C6E1B7277123F700D338C3 /* Build configuration list for PBXNativeTarget "coffeecalcUITests" */ = {
			isa = XCConfigurationList;
			buildConfigurations = (
				D4C6E1B8277123F700D338C3 /* Debug */,
				D4C6E1B9277123F700D338C3 /* Release */,
			);
			defaultConfigurationIsVisible = 0;
			defaultConfigurationName = Release;
		};
/* End XCConfigurationList section */

/* Begin XCVersionGroup section */
		D4C6E196277123F700D338C3 /* coffeecalc.xcdatamodeld */ = {
			isa = XCVersionGroup;
			children = (
				D4C6E197277123F700D338C3 /* coffeecalc.xcdatamodel */,
			);
			currentVersion = D4C6E197277123F700D338C3 /* coffeecalc.xcdatamodel */;
			path = coffeecalc.xcdatamodeld;
			sourceTree = "<group>";
			versionGroupType = wrapper.xcdatamodel;
		};
/* End XCVersionGroup section */
	};
	rootObject = D4C6E180277123F400D338C3 /* Project object */;
}
